{
  "name": "emoji-search",
  "version": "1.0.0",
  "lockfileVersion": 1,
  "requires": true,
  "dependencies": {
    "@types/emojione": {
      "version": "2.2.3",
      "resolved": "https://registry.npmjs.org/@types/emojione/-/emojione-2.2.3.tgz",
      "integrity": "sha512-aqWGLtjQGz7Lmketo5vOAjVoZ9B1vFISrCgVYZqzpDgwnqM0/9PxZBOL80vL/UdGDzxTtES+bconX2lCxQRaFA=="
    },
    "emojione": {
      "version": "4.0.0",
      "resolved": "https://registry.npmjs.org/emojione/-/emojione-4.0.0.tgz",
      "integrity": "sha512-ATFSRHrK838NoTUE96j9rpmS1R4a/qpK1maQURGdFtarpWloEttjjIBBWbSFqsUxC0Vot6P2WXmSlotvZoegxw=="
    },
    "typescript": {
      "version": "3.2.1",
      "resolved": "https://registry.npmjs.org/typescript/-/typescript-3.2.1.tgz",
      "integrity": "sha512-jw7P2z/h6aPT4AENXDGjcfHTu5CSqzsbZc6YlUIebTyBAq8XaKp78x7VcSh30xwSCcsu5irZkYZUSFP1MrAMbg==",
      "dev": true
    }
  }
}
